
Microsoft Visual Studio Solution File, Format Version 12.00
Project("{FAE04EC0-301F-11D3-BF4B-00C04F79EFBC}") = "ForexQuotes", "ForexQuotes\ForexQuotes.csproj", "{CCF79B70-7079-4045-A7A7-AE83037EB50C}"
EndProject
Global
	GlobalSection(SolutionConfigurationPlatforms) = preSolution
		Debug|Any CPU = Debug|Any CPU
		Release|Any CPU = Release|Any CPU
	EndGlobalSection
	GlobalSection(ProjectConfigurationPlatforms) = postSolution
		{CCF79B70-7079-4045-A7A7-AE83037EB50C}.Debug|Any CPU.ActiveCfg = Debug|Any CPU
		{CCF79B70-7079-4045-A7A7-AE83037EB50C}.Debug|Any CPU.Build.0 = Debug|Any CPU
		{CCF79B70-7079-4045-A7A7-AE83037EB50C}.Release|Any CPU.ActiveCfg = Release|Any CPU
		{CCF79B70-7079-4045-A7A7-AE83037EB50C}.Release|Any CPU.Build.0 = Release|Any CPU
	EndGlobalSection
EndGlobal
